{
  "name": "screenly-ose",
  "version": "1.0.0",
  "lockfileVersion": 1,
  "requires": true,
  "dependencies": {
    "bootstrap": {
      "version": "4.3.1",
      "resolved": "https://registry.npmjs.org/bootstrap/-/bootstrap-4.3.1.tgz",
      "integrity": "sha512-rXqOmH1VilAt2DyPzluTi2blhk17bO7ef+zLLPlWvG494pDxcM234pJ8wTc/6R40UWizAIIMgxjvxZg5kmsbag=="
    },
    "coffee-script": {
      "version": "1.12.7",
      "resolved": "https://registry.npmjs.org/coffee-script/-/coffee-script-1.12.7.tgz",
      "integrity": "sha512-fLeEhqwymYat/MpTPUjSKHVYYl0ec2mOyALEMLmzr5i1isuG+6jfI2j2d5oBO3VIzgUXgBVIcOT9uH1TFxBckw==",
      "dev": true
    },
    "css-toggle-switch": {
      "version": "4.1.0",
      "resolved": "https://registry.npmjs.org/css-toggle-switch/-/css-toggle-switch-4.1.0.tgz",
      "integrity": "sha512-XdA6fyaQqlBqTmFa6NX58tLPJj4SgDLAxV4Ec73GHQYRTYUTZoEyYHYxWGacLNTP8sTiVycKcAMBrPBKaiIZ9g=="
    }
  }
}
